// !$*UTF8*$!
{
	archiveVersion = 1;
	classes = {
	};
	objectVersion = 46;
	objects = {

/* Begin PBXBuildFile section */
		6DE32EA81C13232000B07452 /* AppDelegate.swift in Sources */ = {isa = PBXBuildFile; fileRef = 6DE32EA71C13232000B07452 /* AppDelegate.swift */; };
		6DE32EAA1C13232000B07452 /* ViewController.swift in Sources */ = {isa = PBXBuildFile; fileRef = 6DE32EA91C13232000B07452 /* ViewController.swift */; };
		6DE32EAD1C13232000B07452 /* Main.storyboard in Resources */ = {isa = PBXBuildFile; fileRef = 6DE32EAB1C13232000B07452 /* Main.storyboard */; };
		6DE32EAF1C13232000B07452 /* Assets.xcassets in Resources */ = {isa = PBXBuildFile; fileRef = 6DE32EAE1C13232000B07452 /* Assets.xcassets */; };
		6DE32EB21C13232000B07452 /* LaunchScreen.storyboard in Resources */ = {isa = PBXBuildFile; fileRef = 6DE32EB01C13232000B07452 /* LaunchScreen.storyboard */; };
		6DE32EBA1C13234000B07452 /* QSFPSLabelFramework.framework in Frameworks */ = {isa = PBXBuildFile; fileRef = 6DE32EB91C13234000B07452 /* QSFPSLabelFramework.framework */; };
/* End PBXBuildFile section */

/* Begin PBXFileReference section */
		6DE32EA41C13232000B07452 /* QSFPSLabelDemo.app */ = {isa = PBXFileReference; explicitFileType = wrapper.application; includeInIndex = 0; path = QSFPSLabelDemo.app; sourceTree = BUILT_PRODUCTS_DIR; };
		6DE32EA71C13232000B07452 /* AppDelegate.swift */ = {isa = PBXFileReference; lastKnownFileType = sourcecode.swift; path = AppDelegate.swift; sourceTree = "<group>"; };
		6DE32EA91C13232000B07452 /* ViewController.swift */ = {isa = PBXFileReference; lastKnownFileType = sourcecode.swift; path = ViewController.swift; sourceTree = "<group>"; };
		6DE32EAC1C13232000B07452 /* Base */ = {isa = PBXFileReference; lastKnownFileType = file.storyboard; name = Base; path = Base.lproj/Main.storyboard; sourceTree = "<group>"; };
		6DE32EAE1C13232000B07452 /* Assets.xcassets */ = {isa = PBXFileReference; lastKnownFileType = folder.assetcatalog; path = Assets.xcassets; sourceTree = "<group>"; };
		6DE32EB11C13232000B07452 /* Base */ = {isa = PBXFileReference; lastKnownFileType = file.storyboard; name = Base; path = Base.lproj/LaunchScreen.storyboard; sourceTree = "<group>"; };
		6DE32EB31C13232000B07452 /* Info.plist */ = {isa = PBXFileReference; lastKnownFileType = text.plist.xml; path = Info.plist; sourceTree = "<group>"; };
		6DE32EB91C13234000B07452 /* QSFPSLabelFramework.framework */ = {isa = PBXFileReference; lastKnownFileType = wrapper.framework; name = QSFPSLabelFramework.framework; path = "../QSFPSLabelFramework/build/Debug-iphoneos/QSFPSLabelFramework.framework"; sourceTree = "<group>"; };
/* End PBXFileReference section */

/* Begin PBXFrameworksBuildPhase section */
		6DE32EA11C13232000B07452 /* Frameworks */ = {
			isa = PBXFrameworksBuildPhase;
			buildActionMask = 2147483647;
			files = (
				6DE32EBA1C13234000B07452 /* QSFPSLabelFramework.framework in Frameworks */,
			);
			runOnlyForDeploymentPostprocessing = 0;
		};
/* End PBXFrameworksBuildPhase section */

/* Begin PBXGroup section */
		6DE32E9B1C13232000B07452 = {
			isa = PBXGroup;
			children = (
				6DE32EA61C13232000B07452 /* QSFPSLabelDemo */,
				6DE32EA51C13232000B07452 /* Products */,
				6DE32EBB1C1323CF00B07452 /* Framework */,
			);
			sourceTree = "<group>";
		};
		6DE32EA51C13232000B07452 /* Products */ = {
			isa = PBXGroup;
			children = (
				6DE32EA41C13232000B07452 /* QSFPSLabelDemo.app */,
			);
			name = Products;
			sourceTree = "<group>";
		};
		6DE32EA61C13232000B07452 /* QSFPSLabelDemo */ = {
			isa = PBXGroup;
			children = (
				6DE32EA71C13232000B07452 /* AppDelegate.swift */,
				6DE32EA91C13232000B07452 /* ViewController.swift */,
				6DE32EAB1C13232000B07452 /* Main.storyboard */,
				6DE32EAE1C13232000B07452 /* Assets.xcassets */,
				6DE32EB01C13232000B07452 /* LaunchScreen.storyboard */,
				6DE32EB31C13232000B07452 /* Info.plist */,
			);
			path = QSFPSLabelDemo;
			sourceTree = "<group>";
		};
		6DE32EBB1C1323CF00B07452 /* Framework */ = {
			isa = PBXGroup;
			children = (
				6DE32EB91C13234000B07452 /* QSFPSLabelFramework.framework */,
			);
			name = Framework;
			sourceTree = "<group>";
		};
/* End PBXGroup section */

/* Begin PBXNativeTarget section */
		6DE32EA31C13232000B07452 /* QSFPSLabelDemo */ = {
			isa = PBXNativeTarget;
			buildConfigurationList = 6DE32EB61C13232000B07452 /* Build configuration list for PBXNativeTarget "QSFPSLabelDemo" */;
			buildPhases = (
				6DE32EA01C13232000B07452 /* Sources */,
				6DE32EA11C13232000B07452 /* Frameworks */,
				6DE32EA21C13232000B07452 /* Resources */,
			);
			buildRules = (
			);
			dependencies = (
			);
			name = QSFPSLabelDemo;
			productName = QSFPSLabelDemo;
			productReference = 6DE32EA41C13232000B07452 /* QSFPSLabelDemo.app */;
			productType = "com.apple.product-type.application";
		};
/* End PBXNativeTarget section */

/* Begin PBXProject section */
		6DE32E9C1C13232000B07452 /* Project object */ = {
			isa = PBXProject;
			attributes = {
				LastUpgradeCheck = 0700;
				ORGANIZATIONNAME = zhangping;
				TargetAttributes = {
					6DE32EA31C13232000B07452 = {
						CreatedOnToolsVersion = 7.0;
						DevelopmentTeam = 3RDUKJYR62;
					};
				};
			};
			buildConfigurationList = 6DE32E9F1C13232000B07452 /* Build configuration list for PBXProject "QSFPSLabelDemo" */;
			compatibilityVersion = "Xcode 3.2";
			developmentRegion = English;
			hasScannedForEncodings = 0;
			knownRegions = (
				en,
				Base,
			);
			mainGroup = 6DE32E9B1C13232000B07452;
			productRefGroup = 6DE32EA51C13232000B07452 /* Products */;
			projectDirPath = "";
			projectRoot = "";
			targets = (
				6DE32EA31C13232000B07452 /* QSFPSLabelDemo */,
			);
		};
/* End PBXProject section */

/* Begin PBXResourcesBuildPhase section */
		6DE32EA21C13232000B07452 /* Resources */ = {
			isa = PBXResourcesBuildPhase;
			buildActionMask = 2147483647;
			files = (
				6DE32EB21C13232000B07452 /* LaunchScreen.storyboard in Resources */,
				6DE32EAF1C13232000B07452 /* Assets.xcassets in Resources */,
				6DE32EAD1C13232000B07452 /* Main.storyboard in Resources */,
			);
			runOnlyForDeploymentPostprocessing = 0;
		};
/* End PBXResourcesBuildPhase section */

/* Begin PBXSourcesBuildPhase section */
		6DE32EA01C13232000B07452 /* Sources */ = {
			isa = PBXSourcesBuildPhase;
			buildActionMask = 2147483647;
			files = (
				6DE32EAA1C13232000B07452 /* ViewController.swift in Sources */,
				6DE32EA81C13232000B07452 /* AppDelegate.swift in Sources */,
			);
			runOnlyForDeploymentPostprocessing = 0;
		};
/* End PBXSourcesBuildPhase section */

/* Begin PBXVariantGroup section */
		6DE32EAB1C13232000B07452 /* Main.storyboard */ = {
			isa = PBXVariantGroup;
			children = (
				6DE32EAC1C13232000B07452 /* Base */,
			);
			name = Main.storyboard;
			sourceTree = "<group>";
		};
		6DE32EB01C13232000B07452 /* LaunchScreen.storyboard */ = {
			isa = PBXVariantGroup;
			children = (
				6DE32EB11C13232000B07452 /* Base */,
			);
			name = LaunchScreen.storyboard;
			sourceTree = "<group>";
		};
/* End PBXVariantGroup section */

/* Begin XCBuildConfiguration section */
		6DE32EB41C13232000B07452 /* Debug */ = {
			isa = XCBuildConfiguration;
			buildSettings = {
				ALWAYS_SEARCH_USER_PATHS = NO;
				CLANG_CXX_LANGUAGE_STANDARD = "gnu++0x";
				CLANG_CXX_LIBRARY = "libc++";
				CLANG_ENABLE_MODULES = YES;
				CLANG_ENABLE_OBJC_ARC = YES;
				CLANG_WARN_BOOL_CONVERSION = YES;
				CLANG_WARN_CONSTANT_CONVERSION = YES;
				CLANG_WARN_DIRECT_OBJC_ISA_USAGE = YES_ERROR;
				CLANG_WARN_EMPTY_BODY = YES;
				CLANG_WARN_ENUM_CONVERSION = YES;
				CLANG_WARN_INT_CONVERSION = YES;
				CLANG_WARN_OBJC_ROOT_CLASS = YES_ERROR;
				CLANG_WARN_UNREACHABLE_CODE = YES;
				CLANG_WARN__DUPLICATE_METHOD_MATCH = YES;
				"CODE_SIGN_IDENTITY[sdk=iphoneos*]" = "iPhone Developer";
				COPY_PHASE_STRIP = NO;
				DEBUG_INFORMATION_FORMAT = dwarf;
				ENABLE_STRICT_OBJC_MSGSEND = YES;
				ENABLE_TESTABILITY = YES;
				GCC_C_LANGUAGE_STANDARD = gnu99;
				GCC_DYNAMIC_NO_PIC = NO;
				GCC_NO_COMMON_BLOCKS = YES;
				GCC_OPTIMIZATION_LEVEL = 0;
				GCC_PREPROCESSOR_DEFINITIONS = (
					"DEBUG=1",
					"$(inherited)",
				);
				GCC_WARN_64_TO_32_BIT_CONVERSION = YES;
				GCC_WARN_ABOUT_RETURN_TYPE = YES_ERROR;
				GCC_WARN_UNDECLARED_SELECTOR = YES;
				GCC_WARN_UNINITIALIZED_AUTOS = YES_AGGRESSIVE;
				GCC_WARN_UNUSED_FUNCTION = YES;
				GCC_WARN_UNUSED_VARIABLE = YES;
				IPHONEOS_DEPLOYMENT_TARGET = 9.0;
				MTL_ENABLE_DEBUG_INFO = YES;
				ONLY_ACTIVE_ARCH = YES;
				SDKROOT = iphoneos;
				SWIFT_OPTIMIZATION_LEVEL = "-Onone";
			};
			name = Debug;
		};
		6DE32EB51C13232000B07452 /* Release */ = {
			isa = XCBuildConfiguration;
			buildSettings = {
				ALWAYS_SEARCH_USER_PATHS = NO;
				CLANG_CXX_LANGUAGE_STANDARD = "gnu++0x";
				CLANG_CXX_LIBRARY = "libc++";
				CLANG_ENABLE_MODULES = YES;
				CLANG_ENABLE_OBJC_ARC = YES;
				CLANG_WARN_BOOL_CONVERSION = YES;
				CLANG_WARN_CONSTANT_CONVERSION = YES;
				CLANG_WARN_DIRECT_OBJC_ISA_USAGE = YES_ERROR;
				CLANG_WARN_EMPTY_BODY = YES;
				CLANG_WARN_ENUM_CONVERSION = YES;
				CLANG_WARN_INT_CONVERSION = YES;
				CLANG_WARN_OBJC_ROOT_CLASS = YES_ERROR;
				CLANG_WARN_UNREACHABLE_CODE = YES;
				CLANG_WARN__DUPLICATE_METHOD_MATCH = YES;
				"CODE_SIGN_IDENTITY[sdk=iphoneos*]" = "iPhone Developer";
				COPY_PHASE_STRIP = NO;
				DEBUG_INFORMATION_FORMAT = "dwarf-with-dsym";
				ENABLE_NS_ASSERTIONS = NO;
				ENABLE_STRICT_OBJC_MSGSEND = YES;
				GCC_C_LANGUAGE_STANDARD = gnu99;
				GCC_NO_COMMON_BLOCKS = YES;
				GCC_WARN_64_TO_32_BIT_CONVERSION = YES;
				GCC_WARN_ABOUT_RETURN_TYPE = YES_ERROR;
				GCC_WARN_UNDECLARED_SELECTOR = YES;
				GCC_WARN_UNINITIALIZED_AUTOS = YES_AGGRESSIVE;
				GCC_WARN_UNUSED_FUNCTION = YES;
				GCC_WARN_UNUSED_VARIABLE = YES;
				IPHONEOS_DEPLOYMENT_TARGET = 9.0;
				MTL_ENABLE_DEBUG_INFO = NO;
				SDKROOT = iphoneos;
				VALIDATE_PRODUCT = YES;
			};
			name = Release;
		};
		6DE32EB71C13232000B07452 /* Debug */ = {
			isa = XCBuildConfiguration;
			buildSettings = {
				ASSETCATALOG_COMPILER_APPICON_NAME = AppIcon;
				INFOPLIST_FILE = QSFPSLabelDemo/Info.plist;
				LD_RUNPATH_SEARCH_PATHS = "$(inherited) @executable_path/Frameworks";
				PRODUCT_BUNDLE_IDENTIFIER = CZ.QSFPSLabelDemo;
				PRODUCT_NAME = "$(TARGET_NAME)";
			};
			name = Debug;
		};
		6DE32EB81C13232000B07452 /* Release */ = {
			isa = XCBuildConfiguration;
			buildSettings = {
				ASSETCATALOG_COMPILER_APPICON_NAME = AppIcon;
				INFOPLIST_FILE = QSFPSLabelDemo/Info.plist;
				LD_RUNPATH_SEARCH_PATHS = "$(inherited) @executable_path/Frameworks";
				PRODUCT_BUNDLE_IDENTIFIER = CZ.QSFPSLabelDemo;
				PRODUCT_NAME = "$(TARGET_NAME)";
			};
			name = Release;
		};
/* End XCBuildConfiguration section */

/* Begin XCConfigurationList section */
		6DE32E9F1C13232000B07452 /* Build configuration list for PBXProject "QSFPSLabelDemo" */ = {
			isa = XCConfigurationList;
			buildConfigurations = (
				6DE32EB41C13232000B07452 /* Debug */,
				6DE32EB51C13232000B07452 /* Release */,
			);
			defaultConfigurationIsVisible = 0;
			defaultConfigurationName = Release;
		};
		6DE32EB61C13232000B07452 /* Build configuration list for PBXNativeTarget "QSFPSLabelDemo" */ = {
			isa = XCConfigurationList;
			buildConfigurations = (
				6DE32EB71C13232000B07452 /* Debug */,
				6DE32EB81C13232000B07452 /* Release */,
			);
			defaultConfigurationIsVisible = 0;
		};
/* End XCConfigurationList section */
	};
	rootObject = 6DE32E9C1C13232000B07452 /* Project object */;
}
